{
  "name": "desingpattern",
  "version": "1.0.0",
  "lockfileVersion": 2,
  "requires": true,
  "packages": {
    "": {
      "name": "desingpattern",
      "version": "1.0.0",
      "license": "ISC",
      "dependencies": {
        "@types/aws-lambda": "^8.10.92",
        "types": "file:../../types"
      },
      "devDependencies": {
        "@types/node": "^17.0.13"
      }
    },
    "../../types": {
      "version": "1.0.0",
      "dependencies": {
        "@graphql-codegen/cli": "^2.9.1",
        "@graphql-codegen/typescript": "^2.7.2",
        "graphql": "^16.5.0"
      }
    },
    "node_modules/@types/aws-lambda": {
      "version": "8.10.109",
      "resolved": "https://registry.npmjs.org/@types/aws-lambda/-/aws-lambda-8.10.109.tgz",
      "integrity": "sha512-/ME92FneNyXQzrAfcnQQlW1XkCZGPDlpi2ao1MJwecN+6SbeonKeggU8eybv1DfKli90FAVT1MlIZVXfwVuCyg=="
    },
    "node_modules/@types/node": {
      "version": "17.0.45",
      "resolved": "https://registry.npmjs.org/@types/node/-/node-17.0.45.tgz",
      "integrity": "sha512-w+tIMs3rq2afQdsPJlODhoUEKzFP1ayaoyl1CcnwtIlsVe7K7bA1NGm4s3PraqTLlXnbIN84zuBlxBWo1u9BLw==",
      "dev": true
    },
    "node_modules/types": {
      "resolved": "../../types",
      "link": true
    }
  },
  "dependencies": {
    "@types/aws-lambda": {
      "version": "8.10.109",
      "resolved": "https://registry.npmjs.org/@types/aws-lambda/-/aws-lambda-8.10.109.tgz",
      "integrity": "sha512-/ME92FneNyXQzrAfcnQQlW1XkCZGPDlpi2ao1MJwecN+6SbeonKeggU8eybv1DfKli90FAVT1MlIZVXfwVuCyg=="
    },
    "@types/node": {
      "version": "17.0.45",
      "resolved": "https://registry.npmjs.org/@types/node/-/node-17.0.45.tgz",
      "integrity": "sha512-w+tIMs3rq2afQdsPJlODhoUEKzFP1ayaoyl1CcnwtIlsVe7K7bA1NGm4s3PraqTLlXnbIN84zuBlxBWo1u9BLw==",
      "dev": true
    },
    "types": {
      "version": "file:../../types",
      "requires": {
        "@graphql-codegen/cli": "^2.9.1",
        "@graphql-codegen/typescript": "^2.7.2",
        "graphql": "^16.5.0"
      }
    }
  }
}
